# This file was autogenerated by Stack.
# You should not edit this file by hand.
# For more information, please see the documentation at:
#   https://docs.haskellstack.org/en/stable/lock_files

packages:
- completed:
    hackage: language-openscad-0.1.7@sha256:1e5c65df0ddd410e5de84dfd4f4d7c1fb75c814a8f8c13bd51f1c2ee5ee3b8ce,1131
    pantry-tree:
      size: 273
      sha256: 49b88d1c3aa69b54544e9079b91c502a731e744b37f038a662792356fd0e2135
  original:
    hackage: language-openscad-0.1.7@sha256:1e5c65df0ddd410e5de84dfd4f4d7c1fb75c814a8f8c13bd51f1c2ee5ee3b8ce,1131
snapshots:
- completed:
    size: 524789
    url: https://raw.githubusercontent.com/commercialhaskell/stackage-snapshots/master/lts/14/8.yaml
    sha256: 8af5eb80734f02621d37e82cc0cde614af2ddc9c320610acb0b1b6d9ac162930
  original: lts-14.8
